# repository revision
pokered 0cd19d3b877b7dc66d12c7050bed9a7f38154d4b
pokeyellow e6ba56989b0f2694f393e6924820be11dcc1fbb8
pokegold 656583c939d30f920a316177311a502dd222b57c
pokecrystal 7a7881d0d62e0ddbd82dcf10e7116807487ac651
pokeruby 63a8cbf0016b351a4e68f7036fa0b77e23d2f2c1
pokefirered c75f352304d529f6ba92d4f74b9cf8b5c3810788
pokeemerald 201378bdc09692df7ba3530c9fe68b4c8efe1c00
